
Microsoft Visual Studio Solution File, Format Version 12.00
# Visual Studio Version 16
VisualStudioVersion = 16.0.31702.278
MinimumVisualStudioVersion = 10.0.40219.1
Project("{FAE04EC0-301F-11D3-BF4B-00C04F79EFBC}") = "DisplayConstants", "DisplayConstants.csproj", "{CC80000B-2685-47B4-B747-5C02411555C4}"
EndProject
Global
	GlobalSection(SolutionConfigurationPlatforms) = preSolution
		Debug|Any CPU = Debug|Any CPU
		Release|Any CPU = Release|Any CPU
	EndGlobalSection
	GlobalSection(ProjectConfigurationPlatforms) = postSolution
		{CC80000B-2685-47B4-B747-5C02411555C4}.Debug|Any CPU.ActiveCfg = Debug|Any CPU
		{CC80000B-2685-47B4-B747-5C02411555C4}.Debug|Any CPU.Build.0 = Debug|Any CPU
		{CC80000B-2685-47B4-B747-5C02411555C4}.Release|Any CPU.ActiveCfg = Release|Any CPU
		{CC80000B-2685-47B4-B747-5C02411555C4}.Release|Any CPU.Build.0 = Release|Any CPU
	EndGlobalSection
	GlobalSection(SolutionProperties) = preSolution
		HideSolutionNode = FALSE
	EndGlobalSection
	GlobalSection(ExtensibilityGlobals) = postSolution
		SolutionGuid = {96F478FA-8CB0-4A98-A733-5150D7EA184C}
	EndGlobalSection
EndGlobal
